
Microsoft Visual Studio Solution File, Format Version 11.00
# Visual Studio 2010
Project("{FAE04EC0-301F-11D3-BF4B-00C04F79EFBC}") = "AMS", "AMS\AMS.csproj", "{96E4576E-106F-4A61-B13E-DFF15F9A782B}"
EndProject
Global
	GlobalSection(SolutionConfigurationPlatforms) = preSolution
		Debug|Any CPU = Debug|Any CPU
		Release|Any CPU = Release|Any CPU
	EndGlobalSection
	GlobalSection(ProjectConfigurationPlatforms) = postSolution
		{96E4576E-106F-4A61-B13E-DFF15F9A782B}.Debug|Any CPU.ActiveCfg = Debug|Any CPU
		{96E4576E-106F-4A61-B13E-DFF15F9A782B}.Debug|Any CPU.Build.0 = Debug|Any CPU
		{96E4576E-106F-4A61-B13E-DFF15F9A782B}.Release|Any CPU.ActiveCfg = Release|Any CPU
		{96E4576E-106F-4A61-B13E-DFF15F9A782B}.Release|Any CPU.Build.0 = Release|Any CPU
	EndGlobalSection
	GlobalSection(SolutionProperties) = preSolution
		HideSolutionNode = FALSE
	EndGlobalSection
EndGlobal
